
Microsoft Visual Studio Solution File, Format Version 12.00
# Visual Studio 15
VisualStudioVersion = 15.0.26430.16
MinimumVisualStudioVersion = 10.0.40219.1
Project("{FAE04EC0-301F-11D3-BF4B-00C04F79EFBC}") = "ReverseString", "ReverseString\ReverseString.csproj", "{7376F56F-C9EF-4208-9B7A-C0CA1F843274}"
EndProject
Project("{FAE04EC0-301F-11D3-BF4B-00C04F79EFBC}") = "CountSubstringOccurrences", "CountSubstringOccurrences\CountSubstringOccurrences.csproj", "{89E90E51-6FE4-4D21-A206-A5D6954661CA}"
EndProject
Global
	GlobalSection(SolutionConfigurationPlatforms) = preSolution
		Debug|Any CPU = Debug|Any CPU
		Release|Any CPU = Release|Any CPU
	EndGlobalSection
	GlobalSection(ProjectConfigurationPlatforms) = postSolution
		{7376F56F-C9EF-4208-9B7A-C0CA1F843274}.Debug|Any CPU.ActiveCfg = Debug|Any CPU
		{7376F56F-C9EF-4208-9B7A-C0CA1F843274}.Debug|Any CPU.Build.0 = Debug|Any CPU
		{7376F56F-C9EF-4208-9B7A-C0CA1F843274}.Release|Any CPU.ActiveCfg = Release|Any CPU
		{7376F56F-C9EF-4208-9B7A-C0CA1F843274}.Release|Any CPU.Build.0 = Release|Any CPU
		{89E90E51-6FE4-4D21-A206-A5D6954661CA}.Debug|Any CPU.ActiveCfg = Debug|Any CPU
		{89E90E51-6FE4-4D21-A206-A5D6954661CA}.Debug|Any CPU.Build.0 = Debug|Any CPU
		{89E90E51-6FE4-4D21-A206-A5D6954661CA}.Release|Any CPU.ActiveCfg = Release|Any CPU
		{89E90E51-6FE4-4D21-A206-A5D6954661CA}.Release|Any CPU.Build.0 = Release|Any CPU
	EndGlobalSection
	GlobalSection(SolutionProperties) = preSolution
		HideSolutionNode = FALSE
	EndGlobalSection
EndGlobal
