
Microsoft Visual Studio Solution File, Format Version 12.00
# Visual Studio 15
VisualStudioVersion = 15.0.26430.16
MinimumVisualStudioVersion = 10.0.40219.1
Project("{FAE04EC0-301F-11D3-BF4B-00C04F79EFBC}") = "ReverseString", "ReverseString\ReverseString.csproj", "{7376F56F-C9EF-4208-9B7A-C0CA1F843274}"
EndProject
Project("{FAE04EC0-301F-11D3-BF4B-00C04F79EFBC}") = "CountSubstringOccurrences", "CountSubstringOccurrences\CountSubstringOccurrences.csproj", "{89E90E51-6FE4-4D21-A206-A5D6954661CA}"
EndProject
Project("{FAE04EC0-301F-11D3-BF4B-00C04F79EFBC}") = "TextFilter", "TextFilter\TextFilter.csproj", "{F2FDE9AA-F60D-4103-81BF-AE09CE6A8165}"
EndProject
Project("{FAE04EC0-301F-11D3-BF4B-00C04F79EFBC}") = "Palindromes", "Palindromes\Palindromes.csproj", "{B6CDF9F6-67EC-4F38-934A-114B4067FD1D}"
EndProject
Project("{FAE04EC0-301F-11D3-BF4B-00C04F79EFBC}") = "MatchFullName", "MatchFullName\MatchFullName.csproj", "{A24AC98A-3B0D-4F45-AD72-E0DDA4764A03}"
EndProject
Project("{FAE04EC0-301F-11D3-BF4B-00C04F79EFBC}") = "MatchPhoneNumber", "MatchPhoneNumbers\MatchPhoneNumber.csproj", "{526EEE6F-10E3-4C61-99F4-470520B308B2}"
EndProject
Project("{FAE04EC0-301F-11D3-BF4B-00C04F79EFBC}") = "MatchHexaDecimalNumbers", "MatchHexaDecimalNumbers\MatchHexaDecimalNumbers.csproj", "{460CF0FF-D30E-401C-A535-F105638DAC7A}"
EndProject
Project("{FAE04EC0-301F-11D3-BF4B-00C04F79EFBC}") = "MatchDates", "MatchDates\MatchDates.csproj", "{933A3278-8A1F-4567-B6EF-092BF1D2FDC0}"
EndProject
Project("{FAE04EC0-301F-11D3-BF4B-00C04F79EFBC}") = "MatchNumbers", "MatchNumbers\MatchNumbers.csproj", "{8C337FC1-42DE-4282-8F78-DABF0C1A356A}"
EndProject
Project("{FAE04EC0-301F-11D3-BF4B-00C04F79EFBC}") = "ReplaceTag", "ReplaceTag\ReplaceTag.csproj", "{1B3049AF-3504-4803-BEA9-9BD97C27E85C}"
EndProject
Project("{FAE04EC0-301F-11D3-BF4B-00C04F79EFBC}") = "Trainegram", "Trainegram\Trainegram.csproj", "{454C1BDB-9425-4403-805B-BB034D3E6D46}"
EndProject
Project("{FAE04EC0-301F-11D3-BF4B-00C04F79EFBC}") = "AnonymousVox", "AnonymousVox\AnonymousVox.csproj", "{1302E456-2BA0-43A4-A9A5-304C5FD034DD}"
EndProject
Project("{FAE04EC0-301F-11D3-BF4B-00C04F79EFBC}") = "HornetComm", "HornetComm\HornetComm.csproj", "{5BF9391F-6424-4ED4-B758-811F6447E0BB}"
EndProject
Project("{FAE04EC0-301F-11D3-BF4B-00C04F79EFBC}") = "PhoenixGrid", "PhoenixGrid\PhoenixGrid.csproj", "{AFA4A11C-681B-4458-9FAF-30044EB0392B}"
EndProject
Project("{FAE04EC0-301F-11D3-BF4B-00C04F79EFBC}") = "Regexmon", "Regexmon\Regexmon.csproj", "{F9261EC6-AE85-40AC-8BCF-AD73AAE45820}"
EndProject
Project("{FAE04EC0-301F-11D3-BF4B-00C04F79EFBC}") = "CriticalBreakpoint", "CriticalBreakpoint\CriticalBreakpoint.csproj", "{A06D1040-53CC-4F0E-85EA-9909C4AE6BDB}"
EndProject
Global
	GlobalSection(SolutionConfigurationPlatforms) = preSolution
		Debug|Any CPU = Debug|Any CPU
		Release|Any CPU = Release|Any CPU
	EndGlobalSection
	GlobalSection(ProjectConfigurationPlatforms) = postSolution
		{7376F56F-C9EF-4208-9B7A-C0CA1F843274}.Debug|Any CPU.ActiveCfg = Debug|Any CPU
		{7376F56F-C9EF-4208-9B7A-C0CA1F843274}.Debug|Any CPU.Build.0 = Debug|Any CPU
		{7376F56F-C9EF-4208-9B7A-C0CA1F843274}.Release|Any CPU.ActiveCfg = Release|Any CPU
		{7376F56F-C9EF-4208-9B7A-C0CA1F843274}.Release|Any CPU.Build.0 = Release|Any CPU
		{89E90E51-6FE4-4D21-A206-A5D6954661CA}.Debug|Any CPU.ActiveCfg = Debug|Any CPU
		{89E90E51-6FE4-4D21-A206-A5D6954661CA}.Debug|Any CPU.Build.0 = Debug|Any CPU
		{89E90E51-6FE4-4D21-A206-A5D6954661CA}.Release|Any CPU.ActiveCfg = Release|Any CPU
		{89E90E51-6FE4-4D21-A206-A5D6954661CA}.Release|Any CPU.Build.0 = Release|Any CPU
		{F2FDE9AA-F60D-4103-81BF-AE09CE6A8165}.Debug|Any CPU.ActiveCfg = Debug|Any CPU
		{F2FDE9AA-F60D-4103-81BF-AE09CE6A8165}.Debug|Any CPU.Build.0 = Debug|Any CPU
		{F2FDE9AA-F60D-4103-81BF-AE09CE6A8165}.Release|Any CPU.ActiveCfg = Release|Any CPU
		{F2FDE9AA-F60D-4103-81BF-AE09CE6A8165}.Release|Any CPU.Build.0 = Release|Any CPU
		{B6CDF9F6-67EC-4F38-934A-114B4067FD1D}.Debug|Any CPU.ActiveCfg = Debug|Any CPU
		{B6CDF9F6-67EC-4F38-934A-114B4067FD1D}.Debug|Any CPU.Build.0 = Debug|Any CPU
		{B6CDF9F6-67EC-4F38-934A-114B4067FD1D}.Release|Any CPU.ActiveCfg = Release|Any CPU
		{B6CDF9F6-67EC-4F38-934A-114B4067FD1D}.Release|Any CPU.Build.0 = Release|Any CPU
		{A24AC98A-3B0D-4F45-AD72-E0DDA4764A03}.Debug|Any CPU.ActiveCfg = Debug|Any CPU
		{A24AC98A-3B0D-4F45-AD72-E0DDA4764A03}.Debug|Any CPU.Build.0 = Debug|Any CPU
		{A24AC98A-3B0D-4F45-AD72-E0DDA4764A03}.Release|Any CPU.ActiveCfg = Release|Any CPU
		{A24AC98A-3B0D-4F45-AD72-E0DDA4764A03}.Release|Any CPU.Build.0 = Release|Any CPU
		{526EEE6F-10E3-4C61-99F4-470520B308B2}.Debug|Any CPU.ActiveCfg = Debug|Any CPU
		{526EEE6F-10E3-4C61-99F4-470520B308B2}.Debug|Any CPU.Build.0 = Debug|Any CPU
		{526EEE6F-10E3-4C61-99F4-470520B308B2}.Release|Any CPU.ActiveCfg = Release|Any CPU
		{526EEE6F-10E3-4C61-99F4-470520B308B2}.Release|Any CPU.Build.0 = Release|Any CPU
		{460CF0FF-D30E-401C-A535-F105638DAC7A}.Debug|Any CPU.ActiveCfg = Debug|Any CPU
		{460CF0FF-D30E-401C-A535-F105638DAC7A}.Debug|Any CPU.Build.0 = Debug|Any CPU
		{460CF0FF-D30E-401C-A535-F105638DAC7A}.Release|Any CPU.ActiveCfg = Release|Any CPU
		{460CF0FF-D30E-401C-A535-F105638DAC7A}.Release|Any CPU.Build.0 = Release|Any CPU
		{933A3278-8A1F-4567-B6EF-092BF1D2FDC0}.Debug|Any CPU.ActiveCfg = Debug|Any CPU
		{933A3278-8A1F-4567-B6EF-092BF1D2FDC0}.Debug|Any CPU.Build.0 = Debug|Any CPU
		{933A3278-8A1F-4567-B6EF-092BF1D2FDC0}.Release|Any CPU.ActiveCfg = Release|Any CPU
		{933A3278-8A1F-4567-B6EF-092BF1D2FDC0}.Release|Any CPU.Build.0 = Release|Any CPU
		{8C337FC1-42DE-4282-8F78-DABF0C1A356A}.Debug|Any CPU.ActiveCfg = Debug|Any CPU
		{8C337FC1-42DE-4282-8F78-DABF0C1A356A}.Debug|Any CPU.Build.0 = Debug|Any CPU
		{8C337FC1-42DE-4282-8F78-DABF0C1A356A}.Release|Any CPU.ActiveCfg = Release|Any CPU
		{8C337FC1-42DE-4282-8F78-DABF0C1A356A}.Release|Any CPU.Build.0 = Release|Any CPU
		{1B3049AF-3504-4803-BEA9-9BD97C27E85C}.Debug|Any CPU.ActiveCfg = Debug|Any CPU
		{1B3049AF-3504-4803-BEA9-9BD97C27E85C}.Debug|Any CPU.Build.0 = Debug|Any CPU
		{1B3049AF-3504-4803-BEA9-9BD97C27E85C}.Release|Any CPU.ActiveCfg = Release|Any CPU
		{1B3049AF-3504-4803-BEA9-9BD97C27E85C}.Release|Any CPU.Build.0 = Release|Any CPU
		{454C1BDB-9425-4403-805B-BB034D3E6D46}.Debug|Any CPU.ActiveCfg = Debug|Any CPU
		{454C1BDB-9425-4403-805B-BB034D3E6D46}.Debug|Any CPU.Build.0 = Debug|Any CPU
		{454C1BDB-9425-4403-805B-BB034D3E6D46}.Release|Any CPU.ActiveCfg = Release|Any CPU
		{454C1BDB-9425-4403-805B-BB034D3E6D46}.Release|Any CPU.Build.0 = Release|Any CPU
		{1302E456-2BA0-43A4-A9A5-304C5FD034DD}.Debug|Any CPU.ActiveCfg = Debug|Any CPU
		{1302E456-2BA0-43A4-A9A5-304C5FD034DD}.Debug|Any CPU.Build.0 = Debug|Any CPU
		{1302E456-2BA0-43A4-A9A5-304C5FD034DD}.Release|Any CPU.ActiveCfg = Release|Any CPU
		{1302E456-2BA0-43A4-A9A5-304C5FD034DD}.Release|Any CPU.Build.0 = Release|Any CPU
		{5BF9391F-6424-4ED4-B758-811F6447E0BB}.Debug|Any CPU.ActiveCfg = Debug|Any CPU
		{5BF9391F-6424-4ED4-B758-811F6447E0BB}.Debug|Any CPU.Build.0 = Debug|Any CPU
		{5BF9391F-6424-4ED4-B758-811F6447E0BB}.Release|Any CPU.ActiveCfg = Release|Any CPU
		{5BF9391F-6424-4ED4-B758-811F6447E0BB}.Release|Any CPU.Build.0 = Release|Any CPU
		{AFA4A11C-681B-4458-9FAF-30044EB0392B}.Debug|Any CPU.ActiveCfg = Debug|Any CPU
		{AFA4A11C-681B-4458-9FAF-30044EB0392B}.Debug|Any CPU.Build.0 = Debug|Any CPU
		{AFA4A11C-681B-4458-9FAF-30044EB0392B}.Release|Any CPU.ActiveCfg = Release|Any CPU
		{AFA4A11C-681B-4458-9FAF-30044EB0392B}.Release|Any CPU.Build.0 = Release|Any CPU
		{F9261EC6-AE85-40AC-8BCF-AD73AAE45820}.Debug|Any CPU.ActiveCfg = Debug|Any CPU
		{F9261EC6-AE85-40AC-8BCF-AD73AAE45820}.Debug|Any CPU.Build.0 = Debug|Any CPU
		{F9261EC6-AE85-40AC-8BCF-AD73AAE45820}.Release|Any CPU.ActiveCfg = Release|Any CPU
		{F9261EC6-AE85-40AC-8BCF-AD73AAE45820}.Release|Any CPU.Build.0 = Release|Any CPU
		{A06D1040-53CC-4F0E-85EA-9909C4AE6BDB}.Debug|Any CPU.ActiveCfg = Debug|Any CPU
		{A06D1040-53CC-4F0E-85EA-9909C4AE6BDB}.Debug|Any CPU.Build.0 = Debug|Any CPU
		{A06D1040-53CC-4F0E-85EA-9909C4AE6BDB}.Release|Any CPU.ActiveCfg = Release|Any CPU
		{A06D1040-53CC-4F0E-85EA-9909C4AE6BDB}.Release|Any CPU.Build.0 = Release|Any CPU
	EndGlobalSection
	GlobalSection(SolutionProperties) = preSolution
		HideSolutionNode = FALSE
	EndGlobalSection
EndGlobal
